<?xml version="1.0" encoding="utf-8"?>
<Project ToolsVersion="15.0" xmlns="http://schemas.microsoft.com/developer/msbuild/2003">
  <ItemGroup>
    <CustomBuild Include="C:\Users\Edward\source\repos\EntropiaMinerLeague\Dependencies\screen_capture_lite-master\CMakeFiles\68d4b7fec495d57a5443e1bd65de05e0\INSTALL_force.rule">
      <Filter>CMake Rules</Filter>
    </CustomBuild>
  </ItemGroup>
  <ItemGroup>
    <Filter Include="CMake Rules">
      <UniqueIdentifier>{75C7424B-285F-3730-8C35-3221B4613732}</UniqueIdentifier>
    </Filter>
  </ItemGroup>
</Project>
